Microsoft Visual Studio Solution File, Format Version 12.00
# Visual Studio Version 17
VisualStudioVersion = 17.5.2.0
MinimumVisualStudioVersion = 10.0.40219.1
Project("{FAE04EC0-301F-11D3-BF4B-00C04F79EFBC}") = "ExcelAnalyzerApp", "ExcelAnalyzerApp.csproj", "{DD0E98B7-ECA2-BDE8-C73E-A1CEE01A7242}"
EndProject
Global
	GlobalSection(SolutionConfigurationPlatforms) = preSolution
		Debug|Any CPU = Debug|Any CPU
		Release|Any CPU = Release|Any CPU
	EndGlobalSection
	GlobalSection(ProjectConfigurationPlatforms) = postSolution
		{DD0E98B7-ECA2-BDE8-C73E-A1CEE01A7242}.Debug|Any CPU.ActiveCfg = Debug|Any CPU
		{DD0E98B7-ECA2-BDE8-C73E-A1CEE01A7242}.Debug|Any CPU.Build.0 = Debug|Any CPU
		{DD0E98B7-ECA2-BDE8-C73E-A1CEE01A7242}.Release|Any CPU.ActiveCfg = Release|Any CPU
		{DD0E98B7-ECA2-BDE8-C73E-A1CEE01A7242}.Release|Any CPU.Build.0 = Release|Any CPU
	EndGlobalSection
	GlobalSection(SolutionProperties) = preSolution
		HideSolutionNode = FALSE
	EndGlobalSection
	GlobalSection(ExtensibilityGlobals) = postSolution
		SolutionGuid = {9333CBD8-7CA6-4710-8DC2-DD1817ED6349}
	EndGlobalSection
EndGlobal
